// !$*UTF8*$!
{
	archiveVersion = 1;
	classes = {
	};
	objectVersion = 46;
	objects = {

/* Begin PBXBuildFile section */
		280234C07102419763E9F91A /* Pods_Targo.framework in Frameworks */ = {isa = PBXBuildFile; fileRef = 7EFAD6BD7514B14022B0BD1B /* Pods_Targo.framework */; };
		D40301741D397F5100B7B610 /* HTTPManager.swift in Sources */ = {isa = PBXBuildFile; fileRef = D40301731D397F5100B7B610 /* HTTPManager.swift */; };
		D40301761D39839C00B7B610 /* ListTransform.swift in Sources */ = {isa = PBXBuildFile; fileRef = D40301751D39839C00B7B610 /* ListTransform.swift */; };
		D403017A1D39936A00B7B610 /* TShopGood.swift in Sources */ = {isa = PBXBuildFile; fileRef = D40301791D39936A00B7B610 /* TShopGood.swift */; };
		D4036A0F1D36CE8200CA8E38 /* TCompany.swift in Sources */ = {isa = PBXBuildFile; fileRef = D4036A0E1D36CE8200CA8E38 /* TCompany.swift */; };
		D4036A111D36D08900CA8E38 /* TCompaniesPage.swift in Sources */ = {isa = PBXBuildFile; fileRef = D4036A101D36D08900CA8E38 /* TCompaniesPage.swift */; };
		D40CC4DB1D65034D003A1487 /* TShopOrder.swift in Sources */ = {isa = PBXBuildFile; fileRef = D40CC4DA1D65034D003A1487 /* TShopOrder.swift */; };
		D40E10211D3EAEE60012DCF4 /* TCompanyImageMenuTableViewCell.swift in Sources */ = {isa = PBXBuildFile; fileRef = D40E101F1D3EAEE60012DCF4 /* TCompanyImageMenuTableViewCell.swift */; };
		D40E10221D3EAEE60012DCF4 /* TCompanyImageMenuTableViewCell.xib in Resources */ = {isa = PBXBuildFile; fileRef = D40E10201D3EAEE60012DCF4 /* TCompanyImageMenuTableViewCell.xib */; };
		D40E10241D3EC1660012DCF4 /* TableViewDataSource.swift in Sources */ = {isa = PBXBuildFile; fileRef = D40E10231D3EC1660012DCF4 /* TableViewDataSource.swift */; };
		D40E10281D3ECE260012DCF4 /* TCompanySearchTableViewCell.swift in Sources */ = {isa = PBXBuildFile; fileRef = D40E10261D3ECE260012DCF4 /* TCompanySearchTableViewCell.swift */; };
		D40E10291D3ECE260012DCF4 /* TCompanySearchTableViewCell.xib in Resources */ = {isa = PBXBuildFile; fileRef = D40E10271D3ECE260012DCF4 /* TCompanySearchTableViewCell.xib */; };
		D41D9D8E1D46A1AB00358961 /* TCompanyInfoTableViewController.swift in Sources */ = {isa = PBXBuildFile; fileRef = D41D9D8D1D46A1AB00358961 /* TCompanyInfoTableViewController.swift */; };
		D41D9D901D46AD4000358961 /* TWorkingHoursTableViewCell.swift in Sources */ = {isa = PBXBuildFile; fileRef = D41D9D8F1D46AD4000358961 /* TWorkingHoursTableViewCell.swift */; };
		D41D9D921D46B46300358961 /* TWorkingHoursHeader.swift in Sources */ = {isa = PBXBuildFile; fileRef = D41D9D911D46B46300358961 /* TWorkingHoursHeader.swift */; };
		D41D9D941D46B47300358961 /* TWorkingHoursHeader.xib in Resources */ = {isa = PBXBuildFile; fileRef = D41D9D931D46B47300358961 /* TWorkingHoursHeader.xib */; };
		D41D9D961D46BA2500358961 /* TCompanyInfoContactsHeader.swift in Sources */ = {isa = PBXBuildFile; fileRef = D41D9D951D46BA2500358961 /* TCompanyInfoContactsHeader.swift */; };
		D41D9D981D46BA3600358961 /* TCompanyInfoContactsHeader.xib in Resources */ = {isa = PBXBuildFile; fileRef = D41D9D971D46BA3600358961 /* TCompanyInfoContactsHeader.xib */; };
		D41D9D9A1D46C4F400358961 /* TCompanyAboutTableViewCell.swift in Sources */ = {isa = PBXBuildFile; fileRef = D41D9D991D46C4F400358961 /* TCompanyAboutTableViewCell.swift */; };
		D41F36071D2855C8001896A2 /* LoginViewController.swift in Sources */ = {isa = PBXBuildFile; fileRef = D41F36061D2855C8001896A2 /* LoginViewController.swift */; };
		D41F59C41D32902F0075568D /* CollectionSection.swift in Sources */ = {isa = PBXBuildFile; fileRef = D41F59C31D32902F0075568D /* CollectionSection.swift */; };
		D41F59C61D32910A0075568D /* GenericTableViewDataSource.swift in Sources */ = {isa = PBXBuildFile; fileRef = D41F59C51D32910A0075568D /* GenericTableViewDataSource.swift */; };
		D41F59C81D3294D00075568D /* CollectionSectionItem.swift in Sources */ = {isa = PBXBuildFile; fileRef = D41F59C71D3294D00075568D /* CollectionSectionItem.swift */; };
		D41F59CA1D32C6F00075568D /* GenericCollectionSection.swift in Sources */ = {isa = PBXBuildFile; fileRef = D41F59C91D32C6F00075568D /* GenericCollectionSection.swift */; };
		D41F59CC1D32CDA80075568D /* UserProfileTableViewController.swift in Sources */ = {isa = PBXBuildFile; fileRef = D41F59CB1D32CDA80075568D /* UserProfileTableViewController.swift */; };
		D420B2CB1D293748003FDC83 /* RegistrationCodeViewController.swift in Sources */ = {isa = PBXBuildFile; fileRef = D420B2CA1D293748003FDC83 /* RegistrationCodeViewController.swift */; };
		D44930921D49494800ADF70A /* TTestOrder.swift in Sources */ = {isa = PBXBuildFile; fileRef = D44930911D49494800ADF70A /* TTestOrder.swift */; };
		D44930941D495D5100ADF70A /* TAddCreditCardViewController.swift in Sources */ = {isa = PBXBuildFile; fileRef = D44930931D495D5100ADF70A /* TAddCreditCardViewController.swift */; };
		D45391D11D2DBE0900669669 /* UserSession.swift in Sources */ = {isa = PBXBuildFile; fileRef = D45391D01D2DBE0900669669 /* UserSession.swift */; };
		D45F9FAA1D6101FD00623A34 /* TOrderReviewViewController.swift in Sources */ = {isa = PBXBuildFile; fileRef = D45F9FA91D6101FD00623A34 /* TOrderReviewViewController.swift */; };
		D45F9FAC1D61055E00623A34 /* TOrderItemTableViewCell.swift in Sources */ = {isa = PBXBuildFile; fileRef = D45F9FAB1D61055E00623A34 /* TOrderItemTableViewCell.swift */; };
		D45F9FAE1D61064D00623A34 /* TOrderTotalPriceTableViewCell.swift in Sources */ = {isa = PBXBuildFile; fileRef = D45F9FAD1D61064D00623A34 /* TOrderTotalPriceTableViewCell.swift */; };
		D45F9FB01D610CBD00623A34 /* TPaymentMethodTableViewCell.swift in Sources */ = {isa = PBXBuildFile; fileRef = D45F9FAF1D610CBD00623A34 /* TPaymentMethodTableViewCell.swift */; };
		D467AED61D2B0F7100319966 /* AppSettings.swift in Sources */ = {isa = PBXBuildFile; fileRef = D467AED51D2B0F7100319966 /* AppSettings.swift */; };
		D46A4C591D63B363003CF2F9 /* TDeliveryMethodTableViewCell.swift in Sources */ = {isa = PBXBuildFile; fileRef = D46A4C581D63B363003CF2F9 /* TDeliveryMethodTableViewCell.swift */; };
		D46A4C5B1D63BF6D003CF2F9 /* TUserCreditCardsTableViewController.swift in Sources */ = {isa = PBXBuildFile; fileRef = D46A4C5A1D63BF6D003CF2F9 /* TUserCreditCardsTableViewController.swift */; };
		D46A4C5D1D63BFA3003CF2F9 /* TUserCreditCardTableViewCell.swift in Sources */ = {isa = PBXBuildFile; fileRef = D46A4C5C1D63BFA3003CF2F9 /* TUserCreditCardTableViewCell.swift */; };
		D46AC7341D43DB1F009C08D4 /* TCompaniesOnMapsViewController.swift in Sources */ = {isa = PBXBuildFile; fileRef = D46AC7331D43DB1F009C08D4 /* TCompaniesOnMapsViewController.swift */; };
		D46DEC771D62582000B4716B /* GenericCollectionSectionItem.swift in Sources */ = {isa = PBXBuildFile; fileRef = D46DEC761D62582000B4716B /* GenericCollectionSectionItem.swift */; };
		D470DFB91D384D74003473E6 /* TCompanyTableViewCell.swift in Sources */ = {isa = PBXBuildFile; fileRef = D470DFB81D384D74003473E6 /* TCompanyTableViewCell.swift */; };
		D498D49B1D2825EC002F0E88 /* Localizable.strings in Resources */ = {isa = PBXBuildFile; fileRef = D498D49D1D2825EC002F0E88 /* Localizable.strings */; };
		D49C7E891D281DB1004408AF /* RegistrationPhoneViewController.swift in Sources */ = {isa = PBXBuildFile; fileRef = D49C7E881D281DB1004408AF /* RegistrationPhoneViewController.swift */; };
		D4B05FBE1D4FE202000E494E /* TAuthorizationResponse.swift in Sources */ = {isa = PBXBuildFile; fileRef = D4B05FBD1D4FE202000E494E /* TAuthorizationResponse.swift */; };
		D4B81B3A1D4FE8AE00F9103C /* TServerError.swift in Sources */ = {isa = PBXBuildFile; fileRef = D4B81B391D4FE8AE00F9103C /* TServerError.swift */; };
		D4B81B3C1D4FF22300F9103C /* TBadRequest.swift in Sources */ = {isa = PBXBuildFile; fileRef = D4B81B3B1D4FF22300F9103C /* TBadRequest.swift */; };
		D4B96F761D244CAA00294A4B /* TRemoteServer.swift in Sources */ = {isa = PBXBuildFile; fileRef = D4B96F751D244CAA00294A4B /* TRemoteServer.swift */; };
		D4B96F7B1D244DBA00294A4B /* PRemoteServerV1.swift in Sources */ = {isa = PBXBuildFile; fileRef = D4B96F7A1D244DBA00294A4B /* PRemoteServerV1.swift */; };
		D4C2A0A91D3422D20090BAFC /* TLocationManager.swift in Sources */ = {isa = PBXBuildFile; fileRef = D4C2A0A81D3422D20090BAFC /* TLocationManager.swift */; };
		D4C2A0AC1D343ED50090BAFC /* CompanySearchTableViewController.swift in Sources */ = {isa = PBXBuildFile; fileRef = D4C2A0AB1D343ED50090BAFC /* CompanySearchTableViewController.swift */; };
		D4C47FD11D5FE805000D1AA2 /* CenteredButton.swift in Sources */ = {isa = PBXBuildFile; fileRef = D4C47FD01D5FE805000D1AA2 /* CenteredButton.swift */; };
		D4D0D6D61D2C5B5200B4E01D /* Api.swift in Sources */ = {isa = PBXBuildFile; fileRef = D4D0D6D51D2C5B5200B4E01D /* Api.swift */; };
		D4D0D6D91D2C61BA00B4E01D /* TargoError.swift in Sources */ = {isa = PBXBuildFile; fileRef = D4D0D6D81D2C61BA00B4E01D /* TargoError.swift */; };
		D4D4B68C1D42C67300278E2D /* TMenuItemFullTableViewCell.swift in Sources */ = {isa = PBXBuildFile; fileRef = D4D4B68A1D42C67300278E2D /* TMenuItemFullTableViewCell.swift */; };
		D4D4B68D1D42C67300278E2D /* TMenuItemFullTableViewCell.xib in Resources */ = {isa = PBXBuildFile; fileRef = D4D4B68B1D42C67300278E2D /* TMenuItemFullTableViewCell.xib */; };
		D4DD9DD91D41830A009C28D5 /* TMenuItemSmallTableViewCell.swift in Sources */ = {isa = PBXBuildFile; fileRef = D4DD9DD71D41830A009C28D5 /* TMenuItemSmallTableViewCell.swift */; };
		D4DD9DDA1D41830A009C28D5 /* TMenuItemSmallTableViewCell.xib in Resources */ = {isa = PBXBuildFile; fileRef = D4DD9DD81D41830A009C28D5 /* TMenuItemSmallTableViewCell.xib */; };
		D4DD9DDC1D418DC9009C28D5 /* TBaseTableViewCell.swift in Sources */ = {isa = PBXBuildFile; fileRef = D4DD9DDB1D418DC9009C28D5 /* TBaseTableViewCell.swift */; };
		D4E0B1CD1D2F061F00B65B96 /* UserRegistrationError.swift in Sources */ = {isa = PBXBuildFile; fileRef = D4E0B1CC1D2F061F00B65B96 /* UserRegistrationError.swift */; };
		D4EE59601D3AC98A0002022F /* TCompanyImage.swift in Sources */ = {isa = PBXBuildFile; fileRef = D4EE595F1D3AC98A0002022F /* TCompanyImage.swift */; };
		D4EE59631D3AFAF40002022F /* TTabBarController.swift in Sources */ = {isa = PBXBuildFile; fileRef = D4EE59621D3AFAF40002022F /* TTabBarController.swift */; };
		D4EE59651D3AFDE30002022F /* TOrdersTableViewController.swift in Sources */ = {isa = PBXBuildFile; fileRef = D4EE59641D3AFDE30002022F /* TOrdersTableViewController.swift */; };
		D4EE59671D3AFE1E0002022F /* TFeedTableViewController.swift in Sources */ = {isa = PBXBuildFile; fileRef = D4EE59661D3AFE1E0002022F /* TFeedTableViewController.swift */; };
		D4EE59691D3AFEE90002022F /* TCompanyMenuTableViewController.swift in Sources */ = {isa = PBXBuildFile; fileRef = D4EE59681D3AFEE90002022F /* TCompanyMenuTableViewController.swift */; };
		D4EE596B1D3AFFA60002022F /* AlamofireExtensions.swift in Sources */ = {isa = PBXBuildFile; fileRef = D4EE596A1D3AFFA60002022F /* AlamofireExtensions.swift */; };
		D4F464D31D40096A009015FC /* TCompanyMenuPage.swift in Sources */ = {isa = PBXBuildFile; fileRef = D4F464D21D40096A009015FC /* TCompanyMenuPage.swift */; };
		D4F464D51D400A17009015FC /* TShopCategory.swift in Sources */ = {isa = PBXBuildFile; fileRef = D4F464D41D400A17009015FC /* TShopCategory.swift */; };
		D4F464D81D400E14009015FC /* IntObject.swift in Sources */ = {isa = PBXBuildFile; fileRef = D4F464D71D400E14009015FC /* IntObject.swift */; };
		D4F464DA1D402EF3009015FC /* TCompanyMenuHeaderView.swift in Sources */ = {isa = PBXBuildFile; fileRef = D4F464D91D402EF3009015FC /* TCompanyMenuHeaderView.swift */; };
		D4F464DC1D402F08009015FC /* TCompanyMenuHeaderView.xib in Resources */ = {isa = PBXBuildFile; fileRef = D4F464DB1D402F08009015FC /* TCompanyMenuHeaderView.xib */; };
		D4F6E2A71D560FF20067F9BA /* TCreditCard.swift in Sources */ = {isa = PBXBuildFile; fileRef = D4F6E2A61D560FF20067F9BA /* TCreditCard.swift */; };
		D4F84B431D24591300263D1A /* AppExtensions.swift in Sources */ = {isa = PBXBuildFile; fileRef = D4F84B421D24591300263D1A /* AppExtensions.swift */; };
		D4F84B491D24668400263D1A /* User.swift in Sources */ = {isa = PBXBuildFile; fileRef = D4F84B481D24668400263D1A /* User.swift */; };
		D4FD14041D441BD300AC9722 /* TShortCompanyOnMapInfo.swift in Sources */ = {isa = PBXBuildFile; fileRef = D4FD14031D441BD300AC9722 /* TShortCompanyOnMapInfo.swift */; };
		D4FD14061D441BE500AC9722 /* TShortCompanyOnMapInfo.xib in Resources */ = {isa = PBXBuildFile; fileRef = D4FD14051D441BE500AC9722 /* TShortCompanyOnMapInfo.xib */; };
		D4FDE67A1D3C007E003EF2CC /* TWorkingTimeTableViewCell.swift in Sources */ = {isa = PBXBuildFile; fileRef = D4FDE6791D3C007E003EF2CC /* TWorkingTimeTableViewCell.swift */; };
		E57C7E8A1D22B60D00F9A0FC /* Constants.swift in Sources */ = {isa = PBXBuildFile; fileRef = E57C7E891D22B60D00F9A0FC /* Constants.swift */; };
		E5C062D91D2106BF002074C4 /* AppDelegate.swift in Sources */ = {isa = PBXBuildFile; fileRef = E5C062D81D2106BF002074C4 /* AppDelegate.swift */; };
		E5C062DE1D2106BF002074C4 /* Main.storyboard in Resources */ = {isa = PBXBuildFile; fileRef = E5C062DC1D2106BF002074C4 /* Main.storyboard */; };
		E5C062E01D2106BF002074C4 /* Assets.xcassets in Resources */ = {isa = PBXBuildFile; fileRef = E5C062DF1D2106BF002074C4 /* Assets.xcassets */; };
		E5C062E31D2106BF002074C4 /* LaunchScreen.storyboard in Resources */ = {isa = PBXBuildFile; fileRef = E5C062E11D2106BF002074C4 /* LaunchScreen.storyboard */; };
/* End PBXBuildFile section */

/* Begin PBXFileReference section */
		24123079AD1A2AFA6B2F5FA0 /* Pods-Targo.release.xcconfig */ = {isa = PBXFileReference; includeInIndex = 1; lastKnownFileType = text.xcconfig; name = "Pods-Targo.release.xcconfig"; path = "Pods/Target Support Files/Pods-Targo/Pods-Targo.release.xcconfig"; sourceTree = "<group>"; };
		4323934D0920EDEB476CFDE6 /* Pods-Targo.debug.xcconfig */ = {isa = PBXFileReference; includeInIndex = 1; lastKnownFileType = text.xcconfig; name = "Pods-Targo.debug.xcconfig"; path = "Pods/Target Support Files/Pods-Targo/Pods-Targo.debug.xcconfig"; sourceTree = "<group>"; };
		7EFAD6BD7514B14022B0BD1B /* Pods_Targo.framework */ = {isa = PBXFileReference; explicitFileType = wrapper.framework; includeInIndex = 0; path = Pods_Targo.framework; sourceTree = BUILT_PRODUCTS_DIR; };
		D40301731D397F5100B7B610 /* HTTPManager.swift */ = {isa = PBXFileReference; fileEncoding = 4; lastKnownFileType = sourcecode.swift; path = HTTPManager.swift; sourceTree = "<group>"; };
		D40301751D39839C00B7B610 /* ListTransform.swift */ = {isa = PBXFileReference; fileEncoding = 4; lastKnownFileType = sourcecode.swift; path = ListTransform.swift; sourceTree = "<group>"; };
		D40301791D39936A00B7B610 /* TShopGood.swift */ = {isa = PBXFileReference; fileEncoding = 4; lastKnownFileType = sourcecode.swift; name = TShopGood.swift; path = Targo/Models/Menu/TShopGood.swift; sourceTree = SOURCE_ROOT; };
		D4036A0E1D36CE8200CA8E38 /* TCompany.swift */ = {isa = PBXFileReference; fileEncoding = 4; lastKnownFileType = sourcecode.swift; name = TCompany.swift; path = Models/Company/TCompany.swift; sourceTree = "<group>"; };
		D4036A101D36D08900CA8E38 /* TCompaniesPage.swift */ = {isa = PBXFileReference; fileEncoding = 4; lastKnownFileType = sourcecode.swift; name = TCompaniesPage.swift; path = Models/Company/TCompaniesPage.swift; sourceTree = "<group>"; };
		D40CC4DA1D65034D003A1487 /* TShopOrder.swift */ = {isa = PBXFileReference; fileEncoding = 4; lastKnownFileType = sourcecode.swift; name = TShopOrder.swift; path = Models/Response/TShopOrder.swift; sourceTree = "<group>"; };
		D40E101F1D3EAEE60012DCF4 /* TCompanyImageMenuTableViewCell.swift */ = {isa = PBXFileReference; fileEncoding = 4; lastKnownFileType = sourcecode.swift; path = TCompanyImageMenuTableViewCell.swift; sourceTree = "<group>"; };
		D40E10201D3EAEE60012DCF4 /* TCompanyImageMenuTableViewCell.xib */ = {isa = PBXFileReference; fileEncoding = 4; lastKnownFileType = file.xib; path = TCompanyImageMenuTableViewCell.xib; sourceTree = "<group>"; };
		D40E10231D3EC1660012DCF4 /* TableViewDataSource.swift */ = {isa = PBXFileReference; fileEncoding = 4; lastKnownFileType = sourcecode.swift; name = TableViewDataSource.swift; path = Models/TableViewDataSource.swift; sourceTree = "<group>"; };
		D40E10261D3ECE260012DCF4 /* TCompanySearchTableViewCell.swift */ = {isa = PBXFileReference; fileEncoding = 4; lastKnownFileType = sourcecode.swift; path = TCompanySearchTableViewCell.swift; sourceTree = "<group>"; };
		D40E10271D3ECE260012DCF4 /* TCompanySearchTableViewCell.xib */ = {isa = PBXFileReference; fileEncoding = 4; lastKnownFileType = file.xib; path = TCompanySearchTableViewCell.xib; sourceTree = "<group>"; };
		D41D9D8D1D46A1AB00358961 /* TCompanyInfoTableViewController.swift */ = {isa = PBXFileReference; fileEncoding = 4; lastKnownFileType = sourcecode.swift; path = TCompanyInfoTableViewController.swift; sourceTree = "<group>"; };
		D41D9D8F1D46AD4000358961 /* TWorkingHoursTableViewCell.swift */ = {isa = PBXFileReference; fileEncoding = 4; lastKnownFileType = sourcecode.swift; path = TWorkingHoursTableViewCell.swift; sourceTree = "<group>"; };
		D41D9D911D46B46300358961 /* TWorkingHoursHeader.swift */ = {isa = PBXFileReference; fileEncoding = 4; lastKnownFileType = sourcecode.swift; path = TWorkingHoursHeader.swift; sourceTree = "<group>"; };
		D41D9D931D46B47300358961 /* TWorkingHoursHeader.xib */ = {isa = PBXFileReference; fileEncoding = 4; lastKnownFileType = file.xib; path = TWorkingHoursHeader.xib; sourceTree = "<group>"; };
		D41D9D951D46BA2500358961 /* TCompanyInfoContactsHeader.swift */ = {isa = PBXFileReference; fileEncoding = 4; lastKnownFileType = sourcecode.swift; path = TCompanyInfoContactsHeader.swift; sourceTree = "<group>"; };
		D41D9D971D46BA3600358961 /* TCompanyInfoContactsHeader.xib */ = {isa = PBXFileReference; fileEncoding = 4; lastKnownFileType = file.xib; path = TCompanyInfoContactsHeader.xib; sourceTree = "<group>"; };
		D41D9D991D46C4F400358961 /* TCompanyAboutTableViewCell.swift */ = {isa = PBXFileReference; fileEncoding = 4; lastKnownFileType = sourcecode.swift; path = TCompanyAboutTableViewCell.swift; sourceTree = "<group>"; };
		D41F36061D2855C8001896A2 /* LoginViewController.swift */ = {isa = PBXFileReference; fileEncoding = 4; lastKnownFileType = sourcecode.swift; path = LoginViewController.swift; sourceTree = "<group>"; };
		D41F59C31D32902F0075568D /* CollectionSection.swift */ = {isa = PBXFileReference; fileEncoding = 4; lastKnownFileType = sourcecode.swift; name = CollectionSection.swift; path = Models/CollectionSection.swift; sourceTree = "<group>"; };
		D41F59C51D32910A0075568D /* GenericTableViewDataSource.swift */ = {isa = PBXFileReference; fileEncoding = 4; lastKnownFileType = sourcecode.swift; name = GenericTableViewDataSource.swift; path = Models/GenericTableViewDataSource.swift; sourceTree = "<group>"; };
		D41F59C71D3294D00075568D /* CollectionSectionItem.swift */ = {isa = PBXFileReference; fileEncoding = 4; lastKnownFileType = sourcecode.swift; name = CollectionSectionItem.swift; path = Models/CollectionSectionItem.swift; sourceTree = "<group>"; };
		D41F59C91D32C6F00075568D /* GenericCollectionSection.swift */ = {isa = PBXFileReference; fileEncoding = 4; lastKnownFileType = sourcecode.swift; name = GenericCollectionSection.swift; path = Models/GenericCollectionSection.swift; sourceTree = "<group>"; };
		D41F59CB1D32CDA80075568D /* UserProfileTableViewController.swift */ = {isa = PBXFileReference; fileEncoding = 4; lastKnownFileType = sourcecode.swift; path = UserProfileTableViewController.swift; sourceTree = "<group>"; };
		D420B2CA1D293748003FDC83 /* RegistrationCodeViewController.swift */ = {isa = PBXFileReference; fileEncoding = 4; lastKnownFileType = sourcecode.swift; path = RegistrationCodeViewController.swift; sourceTree = "<group>"; };
		D44930911D49494800ADF70A /* TTestOrder.swift */ = {isa = PBXFileReference; fileEncoding = 4; lastKnownFileType = sourcecode.swift; name = TTestOrder.swift; path = Models/Response/TTestOrder.swift; sourceTree = "<group>"; };
		D44930931D495D5100ADF70A /* TAddCreditCardViewController.swift */ = {isa = PBXFileReference; fileEncoding = 4; lastKnownFileType = sourcecode.swift; path = TAddCreditCardViewController.swift; sourceTree = "<group>"; };
		D45391D01D2DBE0900669669 /* UserSession.swift */ = {isa = PBXFileReference; fileEncoding = 4; lastKnownFileType = sourcecode.swift; path = UserSession.swift; sourceTree = "<group>"; };
		D45F9FA91D6101FD00623A34 /* TOrderReviewViewController.swift */ = {isa = PBXFileReference; fileEncoding = 4; lastKnownFileType = sourcecode.swift; path = TOrderReviewViewController.swift; sourceTree = "<group>"; };
		D45F9FAB1D61055E00623A34 /* TOrderItemTableViewCell.swift */ = {isa = PBXFileReference; fileEncoding = 4; lastKnownFileType = sourcecode.swift; path = TOrderItemTableViewCell.swift; sourceTree = "<group>"; };
		D45F9FAD1D61064D00623A34 /* TOrderTotalPriceTableViewCell.swift */ = {isa = PBXFileReference; fileEncoding = 4; lastKnownFileType = sourcecode.swift; path = TOrderTotalPriceTableViewCell.swift; sourceTree = "<group>"; };
		D45F9FAF1D610CBD00623A34 /* TPaymentMethodTableViewCell.swift */ = {isa = PBXFileReference; fileEncoding = 4; lastKnownFileType = sourcecode.swift; path = TPaymentMethodTableViewCell.swift; sourceTree = "<group>"; };
		D467AED51D2B0F7100319966 /* AppSettings.swift */ = {isa = PBXFileReference; fileEncoding = 4; lastKnownFileType = sourcecode.swift; name = AppSettings.swift; path = Targo/AppSettings.swift; sourceTree = SOURCE_ROOT; };
		D46A4C581D63B363003CF2F9 /* TDeliveryMethodTableViewCell.swift */ = {isa = PBXFileReference; fileEncoding = 4; lastKnownFileType = sourcecode.swift; path = TDeliveryMethodTableViewCell.swift; sourceTree = "<group>"; };
		D46A4C5A1D63BF6D003CF2F9 /* TUserCreditCardsTableViewController.swift */ = {isa = PBXFileReference; fileEncoding = 4; lastKnownFileType = sourcecode.swift; path = TUserCreditCardsTableViewController.swift; sourceTree = "<group>"; };
		D46A4C5C1D63BFA3003CF2F9 /* TUserCreditCardTableViewCell.swift */ = {isa = PBXFileReference; fileEncoding = 4; lastKnownFileType = sourcecode.swift; path = TUserCreditCardTableViewCell.swift; sourceTree = "<group>"; };
		D46AC7331D43DB1F009C08D4 /* TCompaniesOnMapsViewController.swift */ = {isa = PBXFileReference; fileEncoding = 4; lastKnownFileType = sourcecode.swift; path = TCompaniesOnMapsViewController.swift; sourceTree = "<group>"; };
		D46DEC761D62582000B4716B /* GenericCollectionSectionItem.swift */ = {isa = PBXFileReference; fileEncoding = 4; lastKnownFileType = sourcecode.swift; name = GenericCollectionSectionItem.swift; path = Models/GenericCollectionSectionItem.swift; sourceTree = "<group>"; };
		D470DFB81D384D74003473E6 /* TCompanyTableViewCell.swift */ = {isa = PBXFileReference; fileEncoding = 4; lastKnownFileType = sourcecode.swift; path = TCompanyTableViewCell.swift; sourceTree = "<group>"; };
		D498D4981D282480002F0E88 /* ru */ = {isa = PBXFileReference; lastKnownFileType = text.plist.strings; name = ru; path = ru.lproj/Main.strings; sourceTree = "<group>"; };
		D498D49C1D2825EC002F0E88 /* Base */ = {isa = PBXFileReference; lastKnownFileType = text.plist.strings; name = Base; path = Base.lproj/Localizable.strings; sourceTree = "<group>"; };
		D49C7E881D281DB1004408AF /* RegistrationPhoneViewController.swift */ = {isa = PBXFileReference; fileEncoding = 4; lastKnownFileType = sourcecode.swift; path = RegistrationPhoneViewController.swift; sourceTree = "<group>"; };
		D4B05FBD1D4FE202000E494E /* TAuthorizationResponse.swift */ = {isa = PBXFileReference; fileEncoding = 4; lastKnownFileType = sourcecode.swift; name = TAuthorizationResponse.swift; path = Models/Response/TAuthorizationResponse.swift; sourceTree = "<group>"; };
		D4B81B391D4FE8AE00F9103C /* TServerError.swift */ = {isa = PBXFileReference; fileEncoding = 4; lastKnownFileType = sourcecode.swift; name = TServerError.swift; path = Models/Response/TServerError.swift; sourceTree = "<group>"; };
		D4B81B3B1D4FF22300F9103C /* TBadRequest.swift */ = {isa = PBXFileReference; fileEncoding = 4; lastKnownFileType = sourcecode.swift; name = TBadRequest.swift; path = Models/Response/TBadRequest.swift; sourceTree = "<group>"; };
		D4B96F751D244CAA00294A4B /* TRemoteServer.swift */ = {isa = PBXFileReference; fileEncoding = 4; lastKnownFileType = sourcecode.swift; name = TRemoteServer.swift; path = ServerAPI/RemoteServer/TRemoteServer.swift; sourceTree = "<group>"; };
		D4B96F7A1D244DBA00294A4B /* PRemoteServerV1.swift */ = {isa = PBXFileReference; fileEncoding = 4; lastKnownFileType = sourcecode.swift; name = PRemoteServerV1.swift; path = ServerAPI/RemoteServer/PRemoteServerV1.swift; sourceTree = "<group>"; };
		D4C2A0A81D3422D20090BAFC /* TLocationManager.swift */ = {isa = PBXFileReference; fileEncoding = 4; lastKnownFileType = sourcecode.swift; path = TLocationManager.swift; sourceTree = "<group>"; };
		D4C2A0AB1D343ED50090BAFC /* CompanySearchTableViewController.swift */ = {isa = PBXFileReference; fileEncoding = 4; lastKnownFileType = sourcecode.swift; path = CompanySearchTableViewController.swift; sourceTree = "<group>"; };
		D4C47FD01D5FE805000D1AA2 /* CenteredButton.swift */ = {isa = PBXFileReference; fileEncoding = 4; lastKnownFileType = sourcecode.swift; name = CenteredButton.swift; path = Controls/CenteredButton.swift; sourceTree = "<group>"; };
		D4D0D6D51D2C5B5200B4E01D /* Api.swift */ = {isa = PBXFileReference; fileEncoding = 4; lastKnownFileType = sourcecode.swift; name = Api.swift; path = ServerAPI/Api.swift; sourceTree = "<group>"; };
		D4D0D6D81D2C61BA00B4E01D /* TargoError.swift */ = {isa = PBXFileReference; fileEncoding = 4; lastKnownFileType = sourcecode.swift; path = TargoError.swift; sourceTree = "<group>"; };
		D4D4B68A1D42C67300278E2D /* TMenuItemFullTableViewCell.swift */ = {isa = PBXFileReference; fileEncoding = 4; lastKnownFileType = sourcecode.swift; path = TMenuItemFullTableViewCell.swift; sourceTree = "<group>"; };
		D4D4B68B1D42C67300278E2D /* TMenuItemFullTableViewCell.xib */ = {isa = PBXFileReference; fileEncoding = 4; lastKnownFileType = file.xib; path = TMenuItemFullTableViewCell.xib; sourceTree = "<group>"; };
		D4DD9DD71D41830A009C28D5 /* TMenuItemSmallTableViewCell.swift */ = {isa = PBXFileReference; fileEncoding = 4; lastKnownFileType = sourcecode.swift; path = TMenuItemSmallTableViewCell.swift; sourceTree = "<group>"; };
		D4DD9DD81D41830A009C28D5 /* TMenuItemSmallTableViewCell.xib */ = {isa = PBXFileReference; fileEncoding = 4; lastKnownFileType = file.xib; path = TMenuItemSmallTableViewCell.xib; sourceTree = "<group>"; };
		D4DD9DDB1D418DC9009C28D5 /* TBaseTableViewCell.swift */ = {isa = PBXFileReference; fileEncoding = 4; lastKnownFileType = sourcecode.swift; path = TBaseTableViewCell.swift; sourceTree = "<group>"; };
		D4E0B1CC1D2F061F00B65B96 /* UserRegistrationError.swift */ = {isa = PBXFileReference; fileEncoding = 4; lastKnownFileType = sourcecode.swift; path = UserRegistrationError.swift; sourceTree = "<group>"; };
		D4EE595F1D3AC98A0002022F /* TCompanyImage.swift */ = {isa = PBXFileReference; fileEncoding = 4; lastKnownFileType = sourcecode.swift; name = TCompanyImage.swift; path = Models/Company/TCompanyImage.swift; sourceTree = "<group>"; };
		D4EE59621D3AFAF40002022F /* TTabBarController.swift */ = {isa = PBXFileReference; fileEncoding = 4; lastKnownFileType = sourcecode.swift; path = TTabBarController.swift; sourceTree = "<group>"; };
		D4EE59641D3AFDE30002022F /* TOrdersTableViewController.swift */ = {isa = PBXFileReference; fileEncoding = 4; lastKnownFileType = sourcecode.swift; path = TOrdersTableViewController.swift; sourceTree = "<group>"; };
		D4EE59661D3AFE1E0002022F /* TFeedTableViewController.swift */ = {isa = PBXFileReference; fileEncoding = 4; lastKnownFileType = sourcecode.swift; path = TFeedTableViewController.swift; sourceTree = "<group>"; };
		D4EE59681D3AFEE90002022F /* TCompanyMenuTableViewController.swift */ = {isa = PBXFileReference; fileEncoding = 4; lastKnownFileType = sourcecode.swift; path = TCompanyMenuTableViewController.swift; sourceTree = "<group>"; };
		D4EE596A1D3AFFA60002022F /* AlamofireExtensions.swift */ = {isa = PBXFileReference; fileEncoding = 4; lastKnownFileType = sourcecode.swift; path = AlamofireExtensions.swift; sourceTree = "<group>"; };
		D4F464D21D40096A009015FC /* TCompanyMenuPage.swift */ = {isa = PBXFileReference; fileEncoding = 4; lastKnownFileType = sourcecode.swift; name = TCompanyMenuPage.swift; path = Targo/Models/Menu/TCompanyMenuPage.swift; sourceTree = SOURCE_ROOT; };
		D4F464D41D400A17009015FC /* TShopCategory.swift */ = {isa = PBXFileReference; fileEncoding = 4; lastKnownFileType = sourcecode.swift; name = TShopCategory.swift; path = Targo/Models/Menu/TShopCategory.swift; sourceTree = SOURCE_ROOT; };
		D4F464D71D400E14009015FC /* IntObject.swift */ = {isa = PBXFileReference; fileEncoding = 4; lastKnownFileType = sourcecode.swift; name = IntObject.swift; path = Models/Realm/IntObject.swift; sourceTree = "<group>"; };
		D4F464D91D402EF3009015FC /* TCompanyMenuHeaderView.swift */ = {isa = PBXFileReference; fileEncoding = 4; lastKnownFileType = sourcecode.swift; path = TCompanyMenuHeaderView.swift; sourceTree = "<group>"; };
		D4F464DB1D402F08009015FC /* TCompanyMenuHeaderView.xib */ = {isa = PBXFileReference; fileEncoding = 4; lastKnownFileType = file.xib; path = TCompanyMenuHeaderView.xib; sourceTree = "<group>"; };
		D4F6E2A61D560FF20067F9BA /* TCreditCard.swift */ = {isa = PBXFileReference; fileEncoding = 4; lastKnownFileType = sourcecode.swift; name = TCreditCard.swift; path = Models/Response/TCreditCard.swift; sourceTree = "<group>"; };
		D4F84B421D24591300263D1A /* AppExtensions.swift */ = {isa = PBXFileReference; fileEncoding = 4; lastKnownFileType = sourcecode.swift; path = AppExtensions.swift; sourceTree = "<group>"; };
		D4F84B481D24668400263D1A /* User.swift */ = {isa = PBXFileReference; fileEncoding = 4; lastKnownFileType = sourcecode.swift; name = User.swift; path = Targo/Models/User/User.swift; sourceTree = SOURCE_ROOT; };
		D4FD14031D441BD300AC9722 /* TShortCompanyOnMapInfo.swift */ = {isa = PBXFileReference; fileEncoding = 4; lastKnownFileType = sourcecode.swift; path = TShortCompanyOnMapInfo.swift; sourceTree = "<group>"; };
		D4FD14051D441BE500AC9722 /* TShortCompanyOnMapInfo.xib */ = {isa = PBXFileReference; fileEncoding = 4; lastKnownFileType = file.xib; path = TShortCompanyOnMapInfo.xib; sourceTree = "<group>"; };
		D4FDE6791D3C007E003EF2CC /* TWorkingTimeTableViewCell.swift */ = {isa = PBXFileReference; fileEncoding = 4; lastKnownFileType = sourcecode.swift; path = TWorkingTimeTableViewCell.swift; sourceTree = "<group>"; };
		E57C7E891D22B60D00F9A0FC /* Constants.swift */ = {isa = PBXFileReference; fileEncoding = 4; lastKnownFileType = sourcecode.swift; path = Constants.swift; sourceTree = "<group>"; };
		E5C062D51D2106BF002074C4 /* Targo.app */ = {isa = PBXFileReference; explicitFileType = wrapper.application; includeInIndex = 0; path = Targo.app; sourceTree = BUILT_PRODUCTS_DIR; };
		E5C062D81D2106BF002074C4 /* AppDelegate.swift */ = {isa = PBXFileReference; lastKnownFileType = sourcecode.swift; name = AppDelegate.swift; path = Targo/AppDelegate.swift; sourceTree = SOURCE_ROOT; };
		E5C062DD1D2106BF002074C4 /* Base */ = {isa = PBXFileReference; lastKnownFileType = file.storyboard; name = Base; path = Base.lproj/Main.storyboard; sourceTree = "<group>"; };
		E5C062DF1D2106BF002074C4 /* Assets.xcassets */ = {isa = PBXFileReference; lastKnownFileType = folder.assetcatalog; path = Assets.xcassets; sourceTree = "<group>"; };
		E5C062E21D2106BF002074C4 /* Base */ = {isa = PBXFileReference; lastKnownFileType = file.storyboard; name = Base; path = Base.lproj/LaunchScreen.storyboard; sourceTree = "<group>"; };
		E5C062E41D2106BF002074C4 /* Info.plist */ = {isa = PBXFileReference; lastKnownFileType = text.plist.xml; path = Info.plist; sourceTree = "<group>"; };
/* End PBXFileReference section */

/* Begin PBXFrameworksBuildPhase section */
		E5C062D21D2106BF002074C4 /* Frameworks */ = {
			isa = PBXFrameworksBuildPhase;
			buildActionMask = 2147483647;
			files = (
				280234C07102419763E9F91A /* Pods_Targo.framework in Frameworks */,
			);
			runOnlyForDeploymentPostprocessing = 0;
		};
/* End PBXFrameworksBuildPhase section */

/* Begin PBXGroup section */
		0222DB3A79CCDAAB72A0CBE2 /* Pods */ = {
			isa = PBXGroup;
			children = (
				4323934D0920EDEB476CFDE6 /* Pods-Targo.debug.xcconfig */,
				24123079AD1A2AFA6B2F5FA0 /* Pods-Targo.release.xcconfig */,
			);
			name = Pods;
			sourceTree = "<group>";
		};
		A7CC924B88D6014AA28A81DA /* Frameworks */ = {
			isa = PBXGroup;
			children = (
				7EFAD6BD7514B14022B0BD1B /* Pods_Targo.framework */,
			);
			name = Frameworks;
			sourceTree = "<group>";
		};
		D40301781D39931800B7B610 /* Menu */ = {
			isa = PBXGroup;
			children = (
				D40301791D39936A00B7B610 /* TShopGood.swift */,
				D4F464D21D40096A009015FC /* TCompanyMenuPage.swift */,
				D4F464D41D400A17009015FC /* TShopCategory.swift */,
			);
			path = Menu;
			sourceTree = "<group>";
		};
		D4036A0D1D36CE5E00CA8E38 /* Company */ = {
			isa = PBXGroup;
			children = (
				D4036A0E1D36CE8200CA8E38 /* TCompany.swift */,
				D4036A101D36D08900CA8E38 /* TCompaniesPage.swift */,
				D4EE595F1D3AC98A0002022F /* TCompanyImage.swift */,
			);
			name = Company;
			sourceTree = "<group>";
		};
		D464027C1D21CBE200644463 /* ServerAPI */ = {
			isa = PBXGroup;
			children = (
				D4B96F741D244C2100294A4B /* RemoteServer */,
				D4D0D6D51D2C5B5200B4E01D /* Api.swift */,
			);
			name = ServerAPI;
			sourceTree = "<group>";
		};
		D467AED71D2B0F8C00319966 /* App */ = {
			isa = PBXGroup;
			children = (
				E5C062D81D2106BF002074C4 /* AppDelegate.swift */,
				D467AED51D2B0F7100319966 /* AppSettings.swift */,
			);
			path = App;
			sourceTree = "<group>";
		};
		D470DFB71D384D44003473E6 /* Views */ = {
			isa = PBXGroup;
			children = (
				D470DFB81D384D74003473E6 /* TCompanyTableViewCell.swift */,
				D4FDE6791D3C007E003EF2CC /* TWorkingTimeTableViewCell.swift */,
				D40E101F1D3EAEE60012DCF4 /* TCompanyImageMenuTableViewCell.swift */,
				D40E10201D3EAEE60012DCF4 /* TCompanyImageMenuTableViewCell.xib */,
				D40E10261D3ECE260012DCF4 /* TCompanySearchTableViewCell.swift */,
				D40E10271D3ECE260012DCF4 /* TCompanySearchTableViewCell.xib */,
				D4F464D91D402EF3009015FC /* TCompanyMenuHeaderView.swift */,
				D4F464DB1D402F08009015FC /* TCompanyMenuHeaderView.xib */,
				D4DD9DD71D41830A009C28D5 /* TMenuItemSmallTableViewCell.swift */,
				D4DD9DD81D41830A009C28D5 /* TMenuItemSmallTableViewCell.xib */,
				D4DD9DDB1D418DC9009C28D5 /* TBaseTableViewCell.swift */,
				D4D4B68A1D42C67300278E2D /* TMenuItemFullTableViewCell.swift */,
				D4D4B68B1D42C67300278E2D /* TMenuItemFullTableViewCell.xib */,
				D4FD14031D441BD300AC9722 /* TShortCompanyOnMapInfo.swift */,
				D4FD14051D441BE500AC9722 /* TShortCompanyOnMapInfo.xib */,
				D41D9D8F1D46AD4000358961 /* TWorkingHoursTableViewCell.swift */,
				D41D9D911D46B46300358961 /* TWorkingHoursHeader.swift */,
				D41D9D931D46B47300358961 /* TWorkingHoursHeader.xib */,
				D41D9D951D46BA2500358961 /* TCompanyInfoContactsHeader.swift */,
				D41D9D971D46BA3600358961 /* TCompanyInfoContactsHeader.xib */,
				D41D9D991D46C4F400358961 /* TCompanyAboutTableViewCell.swift */,
				D45F9FAB1D61055E00623A34 /* TOrderItemTableViewCell.swift */,
				D45F9FAD1D61064D00623A34 /* TOrderTotalPriceTableViewCell.swift */,
				D45F9FAF1D610CBD00623A34 /* TPaymentMethodTableViewCell.swift */,
				D46A4C581D63B363003CF2F9 /* TDeliveryMethodTableViewCell.swift */,
				D46A4C5C1D63BFA3003CF2F9 /* TUserCreditCardTableViewCell.swift */,
			);
			path = Views;
			sourceTree = "<group>";
		};
		D49C7E871D281D7F004408AF /* Controllers */ = {
			isa = PBXGroup;
			children = (
				D41F36061D2855C8001896A2 /* LoginViewController.swift */,
				D49C7E881D281DB1004408AF /* RegistrationPhoneViewController.swift */,
				D420B2CA1D293748003FDC83 /* RegistrationCodeViewController.swift */,
				D41F59CB1D32CDA80075568D /* UserProfileTableViewController.swift */,
				D4C2A0AB1D343ED50090BAFC /* CompanySearchTableViewController.swift */,
				D4EE59621D3AFAF40002022F /* TTabBarController.swift */,
				D4EE59641D3AFDE30002022F /* TOrdersTableViewController.swift */,
				D4EE59661D3AFE1E0002022F /* TFeedTableViewController.swift */,
				D4EE59681D3AFEE90002022F /* TCompanyMenuTableViewController.swift */,
				D46AC7331D43DB1F009C08D4 /* TCompaniesOnMapsViewController.swift */,
				D41D9D8D1D46A1AB00358961 /* TCompanyInfoTableViewController.swift */,
				D44930931D495D5100ADF70A /* TAddCreditCardViewController.swift */,
				D45F9FA91D6101FD00623A34 /* TOrderReviewViewController.swift */,
				D46A4C5A1D63BF6D003CF2F9 /* TUserCreditCardsTableViewController.swift */,
			);
			path = Controllers;
			sourceTree = "<group>";
		};
		D4B96F741D244C2100294A4B /* RemoteServer */ = {
			isa = PBXGroup;
			children = (
				D4B96F751D244CAA00294A4B /* TRemoteServer.swift */,
				D4B96F7A1D244DBA00294A4B /* PRemoteServerV1.swift */,
			);
			name = RemoteServer;
			sourceTree = "<group>";
		};
		D4C2A0A71D3422980090BAFC /* LocationService */ = {
			isa = PBXGroup;
			children = (
				D4C2A0A81D3422D20090BAFC /* TLocationManager.swift */,
			);
			path = LocationService;
			sourceTree = "<group>";
		};
		D4C47FCF1D5FE6E4000D1AA2 /* Controls */ = {
			isa = PBXGroup;
			children = (
				D4C47FD01D5FE805000D1AA2 /* CenteredButton.swift */,
			);
			name = Controls;
			sourceTree = "<group>";
		};
		D4D0D6D71D2C618800B4E01D /* Errors */ = {
			isa = PBXGroup;
			children = (
				D4D0D6D81D2C61BA00B4E01D /* TargoError.swift */,
				D4E0B1CC1D2F061F00B65B96 /* UserRegistrationError.swift */,
			);
			path = Errors;
			sourceTree = "<group>";
		};
		D4F464D61D400DEF009015FC /* Realm */ = {
			isa = PBXGroup;
			children = (
				D4F464D71D400E14009015FC /* IntObject.swift */,
			);
			name = Realm;
			sourceTree = "<group>";
		};
		D4F84B471D24666C00263D1A /* User */ = {
			isa = PBXGroup;
			children = (
				D4F84B481D24668400263D1A /* User.swift */,
				D45391D01D2DBE0900669669 /* UserSession.swift */,
			);
			path = User;
			sourceTree = "<group>";
		};
		E57C7E881D22B5BD00F9A0FC /* AppHelpers */ = {
			isa = PBXGroup;
			children = (
				E57C7E891D22B60D00F9A0FC /* Constants.swift */,
				D40301731D397F5100B7B610 /* HTTPManager.swift */,
				D40301751D39839C00B7B610 /* ListTransform.swift */,
			);
			name = AppHelpers;
			sourceTree = "<group>";
		};
		E57C7E8B1D22B84A00F9A0FC /* Models */ = {
			isa = PBXGroup;
			children = (
				D4F464D61D400DEF009015FC /* Realm */,
				D40301781D39931800B7B610 /* Menu */,
				D4036A0D1D36CE5E00CA8E38 /* Company */,
				D4F84B471D24666C00263D1A /* User */,
				E57C7E8C1D22B85400F9A0FC /* Response */,
				D41F59C51D32910A0075568D /* GenericTableViewDataSource.swift */,
				D41F59C91D32C6F00075568D /* GenericCollectionSection.swift */,
				D46DEC761D62582000B4716B /* GenericCollectionSectionItem.swift */,
				D41F59C71D3294D00075568D /* CollectionSectionItem.swift */,
				D41F59C31D32902F0075568D /* CollectionSection.swift */,
				D40E10231D3EC1660012DCF4 /* TableViewDataSource.swift */,
			);
			name = Models;
			sourceTree = "<group>";
		};
		E57C7E8C1D22B85400F9A0FC /* Response */ = {
			isa = PBXGroup;
			children = (
				D44930911D49494800ADF70A /* TTestOrder.swift */,
				D4B05FBD1D4FE202000E494E /* TAuthorizationResponse.swift */,
				D4B81B391D4FE8AE00F9103C /* TServerError.swift */,
				D4B81B3B1D4FF22300F9103C /* TBadRequest.swift */,
				D4F6E2A61D560FF20067F9BA /* TCreditCard.swift */,
				D40CC4DA1D65034D003A1487 /* TShopOrder.swift */,
			);
			name = Response;
			sourceTree = "<group>";
		};
		E5C062CC1D2106BF002074C4 = {
			isa = PBXGroup;
			children = (
				E5C062D71D2106BF002074C4 /* Targo */,
				E5C062D61D2106BF002074C4 /* Products */,
				0222DB3A79CCDAAB72A0CBE2 /* Pods */,
				A7CC924B88D6014AA28A81DA /* Frameworks */,
			);
			sourceTree = "<group>";
		};
		E5C062D61D2106BF002074C4 /* Products */ = {
			isa = PBXGroup;
			children = (
				E5C062D51D2106BF002074C4 /* Targo.app */,
			);
			name = Products;
			sourceTree = "<group>";
		};
		E5C062D71D2106BF002074C4 /* Targo */ = {
			isa = PBXGroup;
			children = (
				D4C47FCF1D5FE6E4000D1AA2 /* Controls */,
				D470DFB71D384D44003473E6 /* Views */,
				D4C2A0A71D3422980090BAFC /* LocationService */,
				D4D0D6D71D2C618800B4E01D /* Errors */,
				D49C7E871D281D7F004408AF /* Controllers */,
				E5C7D85F1D22DA4E00A50D60 /* Extensions */,
				E57C7E8B1D22B84A00F9A0FC /* Models */,
				E57C7E881D22B5BD00F9A0FC /* AppHelpers */,
				D464027C1D21CBE200644463 /* ServerAPI */,
				D467AED71D2B0F8C00319966 /* App */,
				E5C062DC1D2106BF002074C4 /* Main.storyboard */,
				E5C062DF1D2106BF002074C4 /* Assets.xcassets */,
				E5C062E11D2106BF002074C4 /* LaunchScreen.storyboard */,
				E5C062E41D2106BF002074C4 /* Info.plist */,
				D498D49D1D2825EC002F0E88 /* Localizable.strings */,
			);
			path = Targo;
			sourceTree = "<group>";
		};
		E5C7D85F1D22DA4E00A50D60 /* Extensions */ = {
			isa = PBXGroup;
			children = (
				D4F84B421D24591300263D1A /* AppExtensions.swift */,
				D4EE596A1D3AFFA60002022F /* AlamofireExtensions.swift */,
			);
			name = Extensions;
			sourceTree = "<group>";
		};
/* End PBXGroup section */

/* Begin PBXNativeTarget section */
		E5C062D41D2106BF002074C4 /* Targo */ = {
			isa = PBXNativeTarget;
			buildConfigurationList = E5C062E71D2106BF002074C4 /* Build configuration list for PBXNativeTarget "Targo" */;
			buildPhases = (
				D20CBC58169E65FFD28D9E51 /* [CP] Check Pods Manifest.lock */,
				5A673004BEE006ADA839D3F8 /* [CP] Check Pods Manifest.lock */,
				E5C062D11D2106BF002074C4 /* Sources */,
				E5C062D21D2106BF002074C4 /* Frameworks */,
				E5C062D31D2106BF002074C4 /* Resources */,
				25E978A10890F0FB40AF15D8 /* [CP] Embed Pods Frameworks */,
				F366E6960F32C734F1E199C8 /* [CP] Copy Pods Resources */,
				B2A31494E0E7D7E20F385A07 /* 📦 Embed Pods Frameworks */,
				ABD10A1B87A339F7F702EBC6 /* 📦 Copy Pods Resources */,
			);
			buildRules = (
			);
			dependencies = (
			);
			name = Targo;
			productName = Targo;
			productReference = E5C062D51D2106BF002074C4 /* Targo.app */;
			productType = "com.apple.product-type.application";
		};
/* End PBXNativeTarget section */

/* Begin PBXProject section */
		E5C062CD1D2106BF002074C4 /* Project object */ = {
			isa = PBXProject;
			attributes = {
				LastSwiftUpdateCheck = 0730;
				LastUpgradeCheck = 0730;
				ORGANIZATIONNAME = Targo;
				TargetAttributes = {
					E5C062D41D2106BF002074C4 = {
						CreatedOnToolsVersion = 7.3.1;
						DevelopmentTeam = HUZ4W96296;
					};
				};
			};
			buildConfigurationList = E5C062D01D2106BF002074C4 /* Build configuration list for PBXProject "Targo" */;
			compatibilityVersion = "Xcode 3.2";
			developmentRegion = English;
			hasScannedForEncodings = 0;
			knownRegions = (
				en,
				Base,
				ru,
			);
			mainGroup = E5C062CC1D2106BF002074C4;
			productRefGroup = E5C062D61D2106BF002074C4 /* Products */;
			projectDirPath = "";
			projectRoot = "";
			targets = (
				E5C062D41D2106BF002074C4 /* Targo */,
			);
		};
/* End PBXProject section */

/* Begin PBXResourcesBuildPhase section */
		E5C062D31D2106BF002074C4 /* Resources */ = {
			isa = PBXResourcesBuildPhase;
			buildActionMask = 2147483647;
			files = (
				E5C062E31D2106BF002074C4 /* LaunchScreen.storyboard in Resources */,
				D40E10221D3EAEE60012DCF4 /* TCompanyImageMenuTableViewCell.xib in Resources */,
				D41D9D941D46B47300358961 /* TWorkingHoursHeader.xib in Resources */,
				D4D4B68D1D42C67300278E2D /* TMenuItemFullTableViewCell.xib in Resources */,
				D4F464DC1D402F08009015FC /* TCompanyMenuHeaderView.xib in Resources */,
				D40E10291D3ECE260012DCF4 /* TCompanySearchTableViewCell.xib in Resources */,
				D41D9D981D46BA3600358961 /* TCompanyInfoContactsHeader.xib in Resources */,
				D4DD9DDA1D41830A009C28D5 /* TMenuItemSmallTableViewCell.xib in Resources */,
				D498D49B1D2825EC002F0E88 /* Localizable.strings in Resources */,
				D4FD14061D441BE500AC9722 /* TShortCompanyOnMapInfo.xib in Resources */,
				E5C062E01D2106BF002074C4 /* Assets.xcassets in Resources */,
				E5C062DE1D2106BF002074C4 /* Main.storyboard in Resources */,
			);
			runOnlyForDeploymentPostprocessing = 0;
		};
/* End PBXResourcesBuildPhase section */

/* Begin PBXShellScriptBuildPhase section */
		25E978A10890F0FB40AF15D8 /* [CP] Embed Pods Frameworks */ = {
			isa = PBXShellScriptBuildPhase;
			buildActionMask = 2147483647;
			files = (
			);
			inputPaths = (
			);
			name = "[CP] Embed Pods Frameworks";
			outputPaths = (
			);
			runOnlyForDeploymentPostprocessing = 0;
			shellPath = /bin/sh;
			shellScript = "\"${SRCROOT}/Pods/Target Support Files/Pods-Targo/Pods-Targo-frameworks.sh\"\n";
			showEnvVarsInLog = 0;
		};
		5A673004BEE006ADA839D3F8 /* [CP] Check Pods Manifest.lock */ = {
			isa = PBXShellScriptBuildPhase;
			buildActionMask = 2147483647;
			files = (
			);
			inputPaths = (
			);
			name = "[CP] Check Pods Manifest.lock";
			outputPaths = (
			);
			runOnlyForDeploymentPostprocessing = 0;
			shellPath = /bin/sh;
			shellScript = "diff \"${PODS_ROOT}/../Podfile.lock\" \"${PODS_ROOT}/Manifest.lock\" > /dev/null\nif [[ $? != 0 ]] ; then\n    cat << EOM\nerror: The sandbox is not in sync with the Podfile.lock. Run 'pod install' or update your CocoaPods installation.\nEOM\n    exit 1\nfi\n";
			showEnvVarsInLog = 0;
		};
		ABD10A1B87A339F7F702EBC6 /* 📦 Copy Pods Resources */ = {
			isa = PBXShellScriptBuildPhase;
			buildActionMask = 2147483647;
			files = (
			);
			inputPaths = (
			);
			name = "📦 Copy Pods Resources";
			outputPaths = (
			);
			runOnlyForDeploymentPostprocessing = 0;
			shellPath = /bin/sh;
			shellScript = "\"${SRCROOT}/Pods/Target Support Files/Pods-Targo/Pods-Targo-resources.sh\"\n";
			showEnvVarsInLog = 0;
		};
		B2A31494E0E7D7E20F385A07 /* 📦 Embed Pods Frameworks */ = {
			isa = PBXShellScriptBuildPhase;
			buildActionMask = 2147483647;
			files = (
			);
			inputPaths = (
			);
			name = "📦 Embed Pods Frameworks";
			outputPaths = (
			);
			runOnlyForDeploymentPostprocessing = 0;
			shellPath = /bin/sh;
			shellScript = "\"${SRCROOT}/Pods/Target Support Files/Pods-Targo/Pods-Targo-frameworks.sh\"\n";
			showEnvVarsInLog = 0;
		};
		D20CBC58169E65FFD28D9E51 /* [CP] Check Pods Manifest.lock */ = {
			isa = PBXShellScriptBuildPhase;
			buildActionMask = 2147483647;
			files = (
			);
			inputPaths = (
			);
			name = "[CP] Check Pods Manifest.lock";
			outputPaths = (
			);
			runOnlyForDeploymentPostprocessing = 0;
			shellPath = /bin/sh;
			shellScript = "diff \"${PODS_ROOT}/../Podfile.lock\" \"${PODS_ROOT}/Manifest.lock\" > /dev/null\nif [[ $? != 0 ]] ; then\n    cat << EOM\nerror: The sandbox is not in sync with the Podfile.lock. Run 'pod install' or update your CocoaPods installation.\nEOM\n    exit 1\nfi\n";
			showEnvVarsInLog = 0;
		};
		F366E6960F32C734F1E199C8 /* [CP] Copy Pods Resources */ = {
			isa = PBXShellScriptBuildPhase;
			buildActionMask = 2147483647;
			files = (
			);
			inputPaths = (
			);
			name = "[CP] Copy Pods Resources";
			outputPaths = (
			);
			runOnlyForDeploymentPostprocessing = 0;
			shellPath = /bin/sh;
			shellScript = "\"${SRCROOT}/Pods/Target Support Files/Pods-Targo/Pods-Targo-resources.sh\"\n";
			showEnvVarsInLog = 0;
		};
/* End PBXShellScriptBuildPhase section */

/* Begin PBXSourcesBuildPhase section */
		E5C062D11D2106BF002074C4 /* Sources */ = {
			isa = PBXSourcesBuildPhase;
			buildActionMask = 2147483647;
			files = (
				D467AED61D2B0F7100319966 /* AppSettings.swift in Sources */,
				D41F36071D2855C8001896A2 /* LoginViewController.swift in Sources */,
				D41F59C81D3294D00075568D /* CollectionSectionItem.swift in Sources */,
				D4F464D31D40096A009015FC /* TCompanyMenuPage.swift in Sources */,
				D41D9D961D46BA2500358961 /* TCompanyInfoContactsHeader.swift in Sources */,
				D41F59C61D32910A0075568D /* GenericTableViewDataSource.swift in Sources */,
				D46A4C5D1D63BFA3003CF2F9 /* TUserCreditCardTableViewCell.swift in Sources */,
				D41D9D921D46B46300358961 /* TWorkingHoursHeader.swift in Sources */,
				D4C2A0AC1D343ED50090BAFC /* CompanySearchTableViewController.swift in Sources */,
				D4E0B1CD1D2F061F00B65B96 /* UserRegistrationError.swift in Sources */,
				D4EE59671D3AFE1E0002022F /* TFeedTableViewController.swift in Sources */,
				D4FDE67A1D3C007E003EF2CC /* TWorkingTimeTableViewCell.swift in Sources */,
				D41D9D901D46AD4000358961 /* TWorkingHoursTableViewCell.swift in Sources */,
				D4B81B3A1D4FE8AE00F9103C /* TServerError.swift in Sources */,
				D40E10211D3EAEE60012DCF4 /* TCompanyImageMenuTableViewCell.swift in Sources */,
				D420B2CB1D293748003FDC83 /* RegistrationCodeViewController.swift in Sources */,
				D470DFB91D384D74003473E6 /* TCompanyTableViewCell.swift in Sources */,
				D4F84B431D24591300263D1A /* AppExtensions.swift in Sources */,
				D41D9D8E1D46A1AB00358961 /* TCompanyInfoTableViewController.swift in Sources */,
				D46DEC771D62582000B4716B /* GenericCollectionSectionItem.swift in Sources */,
				D4EE59651D3AFDE30002022F /* TOrdersTableViewController.swift in Sources */,
				D4EE596B1D3AFFA60002022F /* AlamofireExtensions.swift in Sources */,
				D40301761D39839C00B7B610 /* ListTransform.swift in Sources */,
				D4B81B3C1D4FF22300F9103C /* TBadRequest.swift in Sources */,
				D4D0D6D61D2C5B5200B4E01D /* Api.swift in Sources */,
				D40CC4DB1D65034D003A1487 /* TShopOrder.swift in Sources */,
				D45F9FAC1D61055E00623A34 /* TOrderItemTableViewCell.swift in Sources */,
				D4F464D51D400A17009015FC /* TShopCategory.swift in Sources */,
				D49C7E891D281DB1004408AF /* RegistrationPhoneViewController.swift in Sources */,
				E5C062D91D2106BF002074C4 /* AppDelegate.swift in Sources */,
				D4F464DA1D402EF3009015FC /* TCompanyMenuHeaderView.swift in Sources */,
				D46A4C591D63B363003CF2F9 /* TDeliveryMethodTableViewCell.swift in Sources */,
				D44930941D495D5100ADF70A /* TAddCreditCardViewController.swift in Sources */,
				D40E10241D3EC1660012DCF4 /* TableViewDataSource.swift in Sources */,
				D4C47FD11D5FE805000D1AA2 /* CenteredButton.swift in Sources */,
				D4036A0F1D36CE8200CA8E38 /* TCompany.swift in Sources */,
				D4D4B68C1D42C67300278E2D /* TMenuItemFullTableViewCell.swift in Sources */,
				D45F9FB01D610CBD00623A34 /* TPaymentMethodTableViewCell.swift in Sources */,
				D4F84B491D24668400263D1A /* User.swift in Sources */,
				D4DD9DDC1D418DC9009C28D5 /* TBaseTableViewCell.swift in Sources */,
				D4EE59691D3AFEE90002022F /* TCompanyMenuTableViewController.swift in Sources */,
				D41D9D9A1D46C4F400358961 /* TCompanyAboutTableViewCell.swift in Sources */,
				D4EE59631D3AFAF40002022F /* TTabBarController.swift in Sources */,
				E57C7E8A1D22B60D00F9A0FC /* Constants.swift in Sources */,
				D4D0D6D91D2C61BA00B4E01D /* TargoError.swift in Sources */,
				D40E10281D3ECE260012DCF4 /* TCompanySearchTableViewCell.swift in Sources */,
				D44930921D49494800ADF70A /* TTestOrder.swift in Sources */,
				D41F59CC1D32CDA80075568D /* UserProfileTableViewController.swift in Sources */,
				D46AC7341D43DB1F009C08D4 /* TCompaniesOnMapsViewController.swift in Sources */,
				D4C2A0A91D3422D20090BAFC /* TLocationManager.swift in Sources */,
				D4DD9DD91D41830A009C28D5 /* TMenuItemSmallTableViewCell.swift in Sources */,
				D46A4C5B1D63BF6D003CF2F9 /* TUserCreditCardsTableViewController.swift in Sources */,
				D45F9FAE1D61064D00623A34 /* TOrderTotalPriceTableViewCell.swift in Sources */,
				D4B96F761D244CAA00294A4B /* TRemoteServer.swift in Sources */,
				D4F6E2A71D560FF20067F9BA /* TCreditCard.swift in Sources */,
				D4B96F7B1D244DBA00294A4B /* PRemoteServerV1.swift in Sources */,
				D40301741D397F5100B7B610 /* HTTPManager.swift in Sources */,
				D4EE59601D3AC98A0002022F /* TCompanyImage.swift in Sources */,
				D41F59CA1D32C6F00075568D /* GenericCollectionSection.swift in Sources */,
				D4FD14041D441BD300AC9722 /* TShortCompanyOnMapInfo.swift in Sources */,
				D4F464D81D400E14009015FC /* IntObject.swift in Sources */,
				D4036A111D36D08900CA8E38 /* TCompaniesPage.swift in Sources */,
				D45391D11D2DBE0900669669 /* UserSession.swift in Sources */,
				D403017A1D39936A00B7B610 /* TShopGood.swift in Sources */,
				D4B05FBE1D4FE202000E494E /* TAuthorizationResponse.swift in Sources */,
				D41F59C41D32902F0075568D /* CollectionSection.swift in Sources */,
				D45F9FAA1D6101FD00623A34 /* TOrderReviewViewController.swift in Sources */,
			);
			runOnlyForDeploymentPostprocessing = 0;
		};
/* End PBXSourcesBuildPhase section */

/* Begin PBXVariantGroup section */
		D498D49D1D2825EC002F0E88 /* Localizable.strings */ = {
			isa = PBXVariantGroup;
			children = (
				D498D49C1D2825EC002F0E88 /* Base */,
			);
			name = Localizable.strings;
			sourceTree = "<group>";
		};
		E5C062DC1D2106BF002074C4 /* Main.storyboard */ = {
			isa = PBXVariantGroup;
			children = (
				E5C062DD1D2106BF002074C4 /* Base */,
				D498D4981D282480002F0E88 /* ru */,
			);
			name = Main.storyboard;
			sourceTree = "<group>";
		};
		E5C062E11D2106BF002074C4 /* LaunchScreen.storyboard */ = {
			isa = PBXVariantGroup;
			children = (
				E5C062E21D2106BF002074C4 /* Base */,
			);
			name = LaunchScreen.storyboard;
			sourceTree = "<group>";
		};
/* End PBXVariantGroup section */

/* Begin XCBuildConfiguration section */
		E5C062E51D2106BF002074C4 /* Debug */ = {
			isa = XCBuildConfiguration;
			buildSettings = {
				ALWAYS_SEARCH_USER_PATHS = NO;
				CLANG_ANALYZER_NONNULL = YES;
				CLANG_CXX_LANGUAGE_STANDARD = "gnu++0x";
				CLANG_CXX_LIBRARY = "libc++";
				CLANG_ENABLE_MODULES = YES;
				CLANG_ENABLE_OBJC_ARC = YES;
				CLANG_WARN_BOOL_CONVERSION = YES;
				CLANG_WARN_CONSTANT_CONVERSION = YES;
				CLANG_WARN_DIRECT_OBJC_ISA_USAGE = YES_ERROR;
				CLANG_WARN_EMPTY_BODY = YES;
				CLANG_WARN_ENUM_CONVERSION = YES;
				CLANG_WARN_INT_CONVERSION = YES;
				CLANG_WARN_OBJC_ROOT_CLASS = YES_ERROR;
				CLANG_WARN_UNREACHABLE_CODE = YES;
				CLANG_WARN__DUPLICATE_METHOD_MATCH = YES;
				"CODE_SIGN_IDENTITY[sdk=iphoneos*]" = "iPhone Developer";
				COPY_PHASE_STRIP = NO;
				DEBUG_INFORMATION_FORMAT = dwarf;
				ENABLE_STRICT_OBJC_MSGSEND = YES;
				ENABLE_TESTABILITY = YES;
				GCC_C_LANGUAGE_STANDARD = gnu99;
				GCC_DYNAMIC_NO_PIC = NO;
				GCC_NO_COMMON_BLOCKS = YES;
				GCC_OPTIMIZATION_LEVEL = 0;
				GCC_PREPROCESSOR_DEFINITIONS = (
					"DEBUG=1",
					"$(inherited)",
				);
				GCC_WARN_64_TO_32_BIT_CONVERSION = YES;
				GCC_WARN_ABOUT_RETURN_TYPE = YES_ERROR;
				GCC_WARN_UNDECLARED_SELECTOR = YES;
				GCC_WARN_UNINITIALIZED_AUTOS = YES_AGGRESSIVE;
				GCC_WARN_UNUSED_FUNCTION = YES;
				GCC_WARN_UNUSED_VARIABLE = YES;
				IPHONEOS_DEPLOYMENT_TARGET = 9.3;
				MTL_ENABLE_DEBUG_INFO = YES;
				ONLY_ACTIVE_ARCH = YES;
				SDKROOT = iphoneos;
				SWIFT_OPTIMIZATION_LEVEL = "-Onone";
			};
			name = Debug;
		};
		E5C062E61D2106BF002074C4 /* Release */ = {
			isa = XCBuildConfiguration;
			buildSettings = {
				ALWAYS_SEARCH_USER_PATHS = NO;
				CLANG_ANALYZER_NONNULL = YES;
				CLANG_CXX_LANGUAGE_STANDARD = "gnu++0x";
				CLANG_CXX_LIBRARY = "libc++";
				CLANG_ENABLE_MODULES = YES;
				CLANG_ENABLE_OBJC_ARC = YES;
				CLANG_WARN_BOOL_CONVERSION = YES;
				CLANG_WARN_CONSTANT_CONVERSION = YES;
				CLANG_WARN_DIRECT_OBJC_ISA_USAGE = YES_ERROR;
				CLANG_WARN_EMPTY_BODY = YES;
				CLANG_WARN_ENUM_CONVERSION = YES;
				CLANG_WARN_INT_CONVERSION = YES;
				CLANG_WARN_OBJC_ROOT_CLASS = YES_ERROR;
				CLANG_WARN_UNREACHABLE_CODE = YES;
				CLANG_WARN__DUPLICATE_METHOD_MATCH = YES;
				"CODE_SIGN_IDENTITY[sdk=iphoneos*]" = "iPhone Developer";
				COPY_PHASE_STRIP = NO;
				DEBUG_INFORMATION_FORMAT = "dwarf-with-dsym";
				ENABLE_NS_ASSERTIONS = NO;
				ENABLE_STRICT_OBJC_MSGSEND = YES;
				GCC_C_LANGUAGE_STANDARD = gnu99;
				GCC_NO_COMMON_BLOCKS = YES;
				GCC_WARN_64_TO_32_BIT_CONVERSION = YES;
				GCC_WARN_ABOUT_RETURN_TYPE = YES_ERROR;
				GCC_WARN_UNDECLARED_SELECTOR = YES;
				GCC_WARN_UNINITIALIZED_AUTOS = YES_AGGRESSIVE;
				GCC_WARN_UNUSED_FUNCTION = YES;
				GCC_WARN_UNUSED_VARIABLE = YES;
				IPHONEOS_DEPLOYMENT_TARGET = 9.3;
				MTL_ENABLE_DEBUG_INFO = NO;
				SDKROOT = iphoneos;
				VALIDATE_PRODUCT = YES;
			};
			name = Release;
		};
		E5C062E81D2106BF002074C4 /* Debug */ = {
			isa = XCBuildConfiguration;
			baseConfigurationReference = 4323934D0920EDEB476CFDE6 /* Pods-Targo.debug.xcconfig */;
			buildSettings = {
				ASSETCATALOG_COMPILER_APPICON_NAME = AppIcon;
				CLANG_ENABLE_MODULES = YES;
				CODE_SIGN_IDENTITY = "iPhone Developer";
				"CODE_SIGN_IDENTITY[sdk=iphoneos*]" = "iPhone Developer";
				FRAMEWORK_SEARCH_PATHS = (
					"$(inherited)",
					"$(PROJECT_DIR)",
				);
				INFOPLIST_FILE = Targo/Info.plist;
				IPHONEOS_DEPLOYMENT_TARGET = 8.4;
				LD_RUNPATH_SEARCH_PATHS = "$(inherited) @executable_path/Frameworks";
				PRODUCT_BUNDLE_IDENTIFIER = com.targo.Targo;
				PRODUCT_NAME = "$(TARGET_NAME)";
				PROVISIONING_PROFILE = "";
				SWIFT_OBJC_BRIDGING_HEADER = "";
				SWIFT_OPTIMIZATION_LEVEL = "-Onone";
			};
			name = Debug;
		};
		E5C062E91D2106BF002074C4 /* Release */ = {
			isa = XCBuildConfiguration;
			baseConfigurationReference = 24123079AD1A2AFA6B2F5FA0 /* Pods-Targo.release.xcconfig */;
			buildSettings = {
				ASSETCATALOG_COMPILER_APPICON_NAME = AppIcon;
				CLANG_ENABLE_MODULES = YES;
				CODE_SIGN_IDENTITY = "iPhone Developer";
				"CODE_SIGN_IDENTITY[sdk=iphoneos*]" = "iPhone Developer";
				FRAMEWORK_SEARCH_PATHS = (
					"$(inherited)",
					"$(PROJECT_DIR)",
				);
				INFOPLIST_FILE = Targo/Info.plist;
				IPHONEOS_DEPLOYMENT_TARGET = 8.4;
				LD_RUNPATH_SEARCH_PATHS = "$(inherited) @executable_path/Frameworks";
				PRODUCT_BUNDLE_IDENTIFIER = com.targo.Targo;
				PRODUCT_NAME = "$(TARGET_NAME)";
				PROVISIONING_PROFILE = "";
				SWIFT_OBJC_BRIDGING_HEADER = "";
			};
			name = Release;
		};
/* End XCBuildConfiguration section */

/* Begin XCConfigurationList section */
		E5C062D01D2106BF002074C4 /* Build configuration list for PBXProject "Targo" */ = {
			isa = XCConfigurationList;
			buildConfigurations = (
				E5C062E51D2106BF002074C4 /* Debug */,
				E5C062E61D2106BF002074C4 /* Release */,
			);
			defaultConfigurationIsVisible = 0;
			defaultConfigurationName = Release;
		};
		E5C062E71D2106BF002074C4 /* Build configuration list for PBXNativeTarget "Targo" */ = {
			isa = XCConfigurationList;
			buildConfigurations = (
				E5C062E81D2106BF002074C4 /* Debug */,
				E5C062E91D2106BF002074C4 /* Release */,
			);
			defaultConfigurationIsVisible = 0;
			defaultConfigurationName = Release;
		};
/* End XCConfigurationList section */
	};
	rootObject = E5C062CD1D2106BF002074C4 /* Project object */;
}
